// !$*UTF8*$!
{
	archiveVersion = 1;
	classes = {
	};
	objectVersion = 46;
	objects = {

/* Begin PBXBuildFile section */
		DE5CBDF71DE50B5E00C116B2 /* AppDelegate.swift in Sources */ = {isa = PBXBuildFile; fileRef = DE5CBDF61DE50B5E00C116B2 /* AppDelegate.swift */; };
		DE5CBDFC1DE50B5E00C116B2 /* Main.storyboard in Resources */ = {isa = PBXBuildFile; fileRef = DE5CBDFA1DE50B5E00C116B2 /* Main.storyboard */; };
		DE5CBDFE1DE50B5E00C116B2 /* Assets.xcassets in Resources */ = {isa = PBXBuildFile; fileRef = DE5CBDFD1DE50B5E00C116B2 /* Assets.xcassets */; };
		DE5CBE011DE50B5E00C116B2 /* LaunchScreen.storyboard in Resources */ = {isa = PBXBuildFile; fileRef = DE5CBDFF1DE50B5E00C116B2 /* LaunchScreen.storyboard */; };
		DE5CBE0B1DE50C3300C116B2 /* Foaas.swift in Sources */ = {isa = PBXBuildFile; fileRef = DE5CBE0A1DE50C3300C116B2 /* Foaas.swift */; };
		DE5CBE0D1DE50C4F00C116B2 /* FoaasOperation.swift in Sources */ = {isa = PBXBuildFile; fileRef = DE5CBE0C1DE50C4F00C116B2 /* FoaasOperation.swift */; };
		DE5CBE0F1DE50C6000C116B2 /* FoaasField.swift in Sources */ = {isa = PBXBuildFile; fileRef = DE5CBE0E1DE50C6000C116B2 /* FoaasField.swift */; };
		DE5CBE131DE50D4D00C116B2 /* FoaasAPIManager.swift in Sources */ = {isa = PBXBuildFile; fileRef = DE5CBE121DE50D4D00C116B2 /* FoaasAPIManager.swift */; };
		DE5CBE161DE517F200C116B2 /* FoaasProtocols.swift in Sources */ = {isa = PBXBuildFile; fileRef = DE5CBE151DE517F200C116B2 /* FoaasProtocols.swift */; };
/* End PBXBuildFile section */

/* Begin PBXFileReference section */
		DE5CBDF31DE50B5E00C116B2 /* BoardingPass.app */ = {isa = PBXFileReference; explicitFileType = wrapper.application; includeInIndex = 0; path = BoardingPass.app; sourceTree = BUILT_PRODUCTS_DIR; };
		DE5CBDF61DE50B5E00C116B2 /* AppDelegate.swift */ = {isa = PBXFileReference; lastKnownFileType = sourcecode.swift; path = AppDelegate.swift; sourceTree = "<group>"; };
		DE5CBDFB1DE50B5E00C116B2 /* Base */ = {isa = PBXFileReference; lastKnownFileType = file.storyboard; name = Base; path = Base.lproj/Main.storyboard; sourceTree = "<group>"; };
		DE5CBDFD1DE50B5E00C116B2 /* Assets.xcassets */ = {isa = PBXFileReference; lastKnownFileType = folder.assetcatalog; path = Assets.xcassets; sourceTree = "<group>"; };
		DE5CBE001DE50B5E00C116B2 /* Base */ = {isa = PBXFileReference; lastKnownFileType = file.storyboard; name = Base; path = Base.lproj/LaunchScreen.storyboard; sourceTree = "<group>"; };
		DE5CBE021DE50B5E00C116B2 /* Info.plist */ = {isa = PBXFileReference; lastKnownFileType = text.plist.xml; path = Info.plist; sourceTree = "<group>"; };
		DE5CBE0A1DE50C3300C116B2 /* Foaas.swift */ = {isa = PBXFileReference; fileEncoding = 4; lastKnownFileType = sourcecode.swift; path = Foaas.swift; sourceTree = "<group>"; };
		DE5CBE0C1DE50C4F00C116B2 /* FoaasOperation.swift */ = {isa = PBXFileReference; fileEncoding = 4; lastKnownFileType = sourcecode.swift; path = FoaasOperation.swift; sourceTree = "<group>"; };
		DE5CBE0E1DE50C6000C116B2 /* FoaasField.swift */ = {isa = PBXFileReference; fileEncoding = 4; lastKnownFileType = sourcecode.swift; path = FoaasField.swift; sourceTree = "<group>"; };
		DE5CBE121DE50D4D00C116B2 /* FoaasAPIManager.swift */ = {isa = PBXFileReference; fileEncoding = 4; lastKnownFileType = sourcecode.swift; path = FoaasAPIManager.swift; sourceTree = "<group>"; };
		DE5CBE151DE517F200C116B2 /* FoaasProtocols.swift */ = {isa = PBXFileReference; fileEncoding = 4; lastKnownFileType = sourcecode.swift; path = FoaasProtocols.swift; sourceTree = "<group>"; };
/* End PBXFileReference section */

/* Begin PBXFrameworksBuildPhase section */
		DE5CBDF01DE50B5E00C116B2 /* Frameworks */ = {
			isa = PBXFrameworksBuildPhase;
			buildActionMask = 2147483647;
			files = (
			);
			runOnlyForDeploymentPostprocessing = 0;
		};
/* End PBXFrameworksBuildPhase section */

/* Begin PBXGroup section */
		DE5CBDEA1DE50B5E00C116B2 = {
			isa = PBXGroup;
			children = (
				DE5CBDF51DE50B5E00C116B2 /* BoardingPass */,
				DE5CBDF41DE50B5E00C116B2 /* Products */,
			);
			sourceTree = "<group>";
		};
		DE5CBDF41DE50B5E00C116B2 /* Products */ = {
			isa = PBXGroup;
			children = (
				DE5CBDF31DE50B5E00C116B2 /* BoardingPass.app */,
			);
			name = Products;
			sourceTree = "<group>";
		};
		DE5CBDF51DE50B5E00C116B2 /* BoardingPass */ = {
			isa = PBXGroup;
			children = (
				DE5CBE101DE50C6800C116B2 /* Model */,
				DE5CBE141DE50D5300C116B2 /* Networking */,
				DE5CBE091DE50B7D00C116B2 /* View Controllers */,
				DE5CBE081DE50B7400C116B2 /* UI Stuff */,
				DE5CBE111DE50C8100C116B2 /* Supporting Files */,
			);
			path = BoardingPass;
			sourceTree = "<group>";
		};
		DE5CBE081DE50B7400C116B2 /* UI Stuff */ = {
			isa = PBXGroup;
			children = (
				DE5CBDFA1DE50B5E00C116B2 /* Main.storyboard */,
				DE5CBDFD1DE50B5E00C116B2 /* Assets.xcassets */,
				DE5CBDFF1DE50B5E00C116B2 /* LaunchScreen.storyboard */,
			);
			name = "UI Stuff";
			sourceTree = "<group>";
		};
		DE5CBE091DE50B7D00C116B2 /* View Controllers */ = {
			isa = PBXGroup;
			children = (
			);
			name = "View Controllers";
			sourceTree = "<group>";
		};
		DE5CBE101DE50C6800C116B2 /* Model */ = {
			isa = PBXGroup;
			children = (
				DE5CBE0A1DE50C3300C116B2 /* Foaas.swift */,
				DE5CBE0C1DE50C4F00C116B2 /* FoaasOperation.swift */,
				DE5CBE0E1DE50C6000C116B2 /* FoaasField.swift */,
				DE5CBE151DE517F200C116B2 /* FoaasProtocols.swift */,
			);
			name = Model;
			sourceTree = "<group>";
		};
		DE5CBE111DE50C8100C116B2 /* Supporting Files */ = {
			isa = PBXGroup;
			children = (
				DE5CBE021DE50B5E00C116B2 /* Info.plist */,
				DE5CBDF61DE50B5E00C116B2 /* AppDelegate.swift */,
			);
			name = "Supporting Files";
			sourceTree = "<group>";
		};
		DE5CBE141DE50D5300C116B2 /* Networking */ = {
			isa = PBXGroup;
			children = (
				DE5CBE121DE50D4D00C116B2 /* FoaasAPIManager.swift */,
			);
			name = Networking;
			sourceTree = "<group>";
		};
/* End PBXGroup section */

/* Begin PBXNativeTarget section */
		DE5CBDF21DE50B5E00C116B2 /* BoardingPass */ = {
			isa = PBXNativeTarget;
			buildConfigurationList = DE5CBE051DE50B5E00C116B2 /* Build configuration list for PBXNativeTarget "BoardingPass" */;
			buildPhases = (
				DE5CBDEF1DE50B5E00C116B2 /* Sources */,
				DE5CBDF01DE50B5E00C116B2 /* Frameworks */,
				DE5CBDF11DE50B5E00C116B2 /* Resources */,
			);
			buildRules = (
			);
			dependencies = (
			);
			name = BoardingPass;
			productName = BoardingPass;
			productReference = DE5CBDF31DE50B5E00C116B2 /* BoardingPass.app */;
			productType = "com.apple.product-type.application";
		};
/* End PBXNativeTarget section */

/* Begin PBXProject section */
		DE5CBDEB1DE50B5E00C116B2 /* Project object */ = {
			isa = PBXProject;
			attributes = {
				LastSwiftUpdateCheck = 0800;
				LastUpgradeCheck = 0800;
				ORGANIZATIONNAME = "C4Q-3.2";
				TargetAttributes = {
					DE5CBDF21DE50B5E00C116B2 = {
						CreatedOnToolsVersion = 8.0;
						ProvisioningStyle = Automatic;
					};
				};
			};
			buildConfigurationList = DE5CBDEE1DE50B5E00C116B2 /* Build configuration list for PBXProject "BoardingPass" */;
			compatibilityVersion = "Xcode 3.2";
			developmentRegion = English;
			hasScannedForEncodings = 0;
			knownRegions = (
				en,
				Base,
			);
			mainGroup = DE5CBDEA1DE50B5E00C116B2;
			productRefGroup = DE5CBDF41DE50B5E00C116B2 /* Products */;
			projectDirPath = "";
			projectRoot = "";
			targets = (
				DE5CBDF21DE50B5E00C116B2 /* BoardingPass */,
			);
		};
/* End PBXProject section */

/* Begin PBXResourcesBuildPhase section */
		DE5CBDF11DE50B5E00C116B2 /* Resources */ = {
			isa = PBXResourcesBuildPhase;
			buildActionMask = 2147483647;
			files = (
				DE5CBE011DE50B5E00C116B2 /* LaunchScreen.storyboard in Resources */,
				DE5CBDFE1DE50B5E00C116B2 /* Assets.xcassets in Resources */,
				DE5CBDFC1DE50B5E00C116B2 /* Main.storyboard in Resources */,
			);
			runOnlyForDeploymentPostprocessing = 0;
		};
/* End PBXResourcesBuildPhase section */

/* Begin PBXSourcesBuildPhase section */
		DE5CBDEF1DE50B5E00C116B2 /* Sources */ = {
			isa = PBXSourcesBuildPhase;
			buildActionMask = 2147483647;
			files = (
				DE5CBE161DE517F200C116B2 /* FoaasProtocols.swift in Sources */,
				DE5CBE0D1DE50C4F00C116B2 /* FoaasOperation.swift in Sources */,
				DE5CBE0F1DE50C6000C116B2 /* FoaasField.swift in Sources */,
				DE5CBE131DE50D4D00C116B2 /* FoaasAPIManager.swift in Sources */,
				DE5CBE0B1DE50C3300C116B2 /* Foaas.swift in Sources */,
				DE5CBDF71DE50B5E00C116B2 /* AppDelegate.swift in Sources */,
			);
			runOnlyForDeploymentPostprocessing = 0;
		};
/* End PBXSourcesBuildPhase section */

/* Begin PBXVariantGroup section */
		DE5CBDFA1DE50B5E00C116B2 /* Main.storyboard */ = {
			isa = PBXVariantGroup;
			children = (
				DE5CBDFB1DE50B5E00C116B2 /* Base */,
			);
			name = Main.storyboard;
			sourceTree = "<group>";
		};
		DE5CBDFF1DE50B5E00C116B2 /* LaunchScreen.storyboard */ = {
			isa = PBXVariantGroup;
			children = (
				DE5CBE001DE50B5E00C116B2 /* Base */,
			);
			name = LaunchScreen.storyboard;
			sourceTree = "<group>";
		};
/* End PBXVariantGroup section */

/* Begin XCBuildConfiguration section */
		DE5CBE031DE50B5E00C116B2 /* Debug */ = {
			isa = XCBuildConfiguration;
			buildSettings = {
				ALWAYS_SEARCH_USER_PATHS = NO;
				CLANG_ANALYZER_NONNULL = YES;
				CLANG_CXX_LANGUAGE_STANDARD = "gnu++0x";
				CLANG_CXX_LIBRARY = "libc++";
				CLANG_ENABLE_MODULES = YES;
				CLANG_ENABLE_OBJC_ARC = YES;
				CLANG_WARN_BOOL_CONVERSION = YES;
				CLANG_WARN_CONSTANT_CONVERSION = YES;
				CLANG_WARN_DIRECT_OBJC_ISA_USAGE = YES_ERROR;
				CLANG_WARN_DOCUMENTATION_COMMENTS = YES;
				CLANG_WARN_EMPTY_BODY = YES;
				CLANG_WARN_ENUM_CONVERSION = YES;
				CLANG_WARN_INFINITE_RECURSION = YES;
				CLANG_WARN_INT_CONVERSION = YES;
				CLANG_WARN_OBJC_ROOT_CLASS = YES_ERROR;
				CLANG_WARN_SUSPICIOUS_MOVES = YES;
				CLANG_WARN_UNREACHABLE_CODE = YES;
				CLANG_WARN__DUPLICATE_METHOD_MATCH = YES;
				"CODE_SIGN_IDENTITY[sdk=iphoneos*]" = "iPhone Developer";
				COPY_PHASE_STRIP = NO;
				DEBUG_INFORMATION_FORMAT = dwarf;
				ENABLE_STRICT_OBJC_MSGSEND = YES;
				ENABLE_TESTABILITY = YES;
				GCC_C_LANGUAGE_STANDARD = gnu99;
				GCC_DYNAMIC_NO_PIC = NO;
				GCC_NO_COMMON_BLOCKS = YES;
				GCC_OPTIMIZATION_LEVEL = 0;
				GCC_PREPROCESSOR_DEFINITIONS = (
					"DEBUG=1",
					"$(inherited)",
				);
				GCC_WARN_64_TO_32_BIT_CONVERSION = YES;
				GCC_WARN_ABOUT_RETURN_TYPE = YES_ERROR;
				GCC_WARN_UNDECLARED_SELECTOR = YES;
				GCC_WARN_UNINITIALIZED_AUTOS = YES_AGGRESSIVE;
				GCC_WARN_UNUSED_FUNCTION = YES;
				GCC_WARN_UNUSED_VARIABLE = YES;
				IPHONEOS_DEPLOYMENT_TARGET = 10.0;
				MTL_ENABLE_DEBUG_INFO = YES;
				ONLY_ACTIVE_ARCH = YES;
				SDKROOT = iphoneos;
				SWIFT_ACTIVE_COMPILATION_CONDITIONS = DEBUG;
				SWIFT_OPTIMIZATION_LEVEL = "-Onone";
				TARGETED_DEVICE_FAMILY = "1,2";
			};
			name = Debug;
		};
		DE5CBE041DE50B5E00C116B2 /* Release */ = {
			isa = XCBuildConfiguration;
			buildSettings = {
				ALWAYS_SEARCH_USER_PATHS = NO;
				CLANG_ANALYZER_NONNULL = YES;
				CLANG_CXX_LANGUAGE_STANDARD = "gnu++0x";
				CLANG_CXX_LIBRARY = "libc++";
				CLANG_ENABLE_MODULES = YES;
				CLANG_ENABLE_OBJC_ARC = YES;
				CLANG_WARN_BOOL_CONVERSION = YES;
				CLANG_WARN_CONSTANT_CONVERSION = YES;
				CLANG_WARN_DIRECT_OBJC_ISA_USAGE = YES_ERROR;
				CLANG_WARN_DOCUMENTATION_COMMENTS = YES;
				CLANG_WARN_EMPTY_BODY = YES;
				CLANG_WARN_ENUM_CONVERSION = YES;
				CLANG_WARN_INFINITE_RECURSION = YES;
				CLANG_WARN_INT_CONVERSION = YES;
				CLANG_WARN_OBJC_ROOT_CLASS = YES_ERROR;
				CLANG_WARN_SUSPICIOUS_MOVES = YES;
				CLANG_WARN_UNREACHABLE_CODE = YES;
				CLANG_WARN__DUPLICATE_METHOD_MATCH = YES;
				"CODE_SIGN_IDENTITY[sdk=iphoneos*]" = "iPhone Developer";
				COPY_PHASE_STRIP = NO;
				DEBUG_INFORMATION_FORMAT = "dwarf-with-dsym";
				ENABLE_NS_ASSERTIONS = NO;
				ENABLE_STRICT_OBJC_MSGSEND = YES;
				GCC_C_LANGUAGE_STANDARD = gnu99;
				GCC_NO_COMMON_BLOCKS = YES;
				GCC_WARN_64_TO_32_BIT_CONVERSION = YES;
				GCC_WARN_ABOUT_RETURN_TYPE = YES_ERROR;
				GCC_WARN_UNDECLARED_SELECTOR = YES;
				GCC_WARN_UNINITIALIZED_AUTOS = YES_AGGRESSIVE;
				GCC_WARN_UNUSED_FUNCTION = YES;
				GCC_WARN_UNUSED_VARIABLE = YES;
				IPHONEOS_DEPLOYMENT_TARGET = 10.0;
				MTL_ENABLE_DEBUG_INFO = NO;
				SDKROOT = iphoneos;
				SWIFT_OPTIMIZATION_LEVEL = "-Owholemodule";
				TARGETED_DEVICE_FAMILY = "1,2";
				VALIDATE_PRODUCT = YES;
			};
			name = Release;
		};
		DE5CBE061DE50B5E00C116B2 /* Debug */ = {
			isa = XCBuildConfiguration;
			buildSettings = {
				ASSETCATALOG_COMPILER_APPICON_NAME = AppIcon;
				INFOPLIST_FILE = BoardingPass/Info.plist;
				LD_RUNPATH_SEARCH_PATHS = "$(inherited) @executable_path/Frameworks";
				PRODUCT_BUNDLE_IDENTIFIER = c4q.TomSeymour.BoardingPass;
				PRODUCT_NAME = "$(TARGET_NAME)";
				SWIFT_VERSION = 3.0;
			};
			name = Debug;
		};
		DE5CBE071DE50B5E00C116B2 /* Release */ = {
			isa = XCBuildConfiguration;
			buildSettings = {
				ASSETCATALOG_COMPILER_APPICON_NAME = AppIcon;
				INFOPLIST_FILE = BoardingPass/Info.plist;
				LD_RUNPATH_SEARCH_PATHS = "$(inherited) @executable_path/Frameworks";
				PRODUCT_BUNDLE_IDENTIFIER = c4q.TomSeymour.BoardingPass;
				PRODUCT_NAME = "$(TARGET_NAME)";
				SWIFT_VERSION = 3.0;
			};
			name = Release;
		};
/* End XCBuildConfiguration section */

/* Begin XCConfigurationList section */
		DE5CBDEE1DE50B5E00C116B2 /* Build configuration list for PBXProject "BoardingPass" */ = {
			isa = XCConfigurationList;
			buildConfigurations = (
				DE5CBE031DE50B5E00C116B2 /* Debug */,
				DE5CBE041DE50B5E00C116B2 /* Release */,
			);
			defaultConfigurationIsVisible = 0;
			defaultConfigurationName = Release;
		};
		DE5CBE051DE50B5E00C116B2 /* Build configuration list for PBXNativeTarget "BoardingPass" */ = {
			isa = XCConfigurationList;
			buildConfigurations = (
				DE5CBE061DE50B5E00C116B2 /* Debug */,
				DE5CBE071DE50B5E00C116B2 /* Release */,
			);
			defaultConfigurationIsVisible = 0;
		};
/* End XCConfigurationList section */
	};
	rootObject = DE5CBDEB1DE50B5E00C116B2 /* Project object */;
}
